
Microsoft Visual Studio Solution File, Format Version 12.00
# Visual Studio Version 16
VisualStudioVersion = 16.0.31005.135
MinimumVisualStudioVersion = 10.0.40219.1
Project("{FAE04EC0-301F-11D3-BF4B-00C04F79EFBC}") = "PrintEnvelope", "PrintEnvelope\PrintEnvelope.csproj", "{C846305A-5F23-42CF-8B29-F4B608BEDE9A}"
EndProject
Global
	GlobalSection(SolutionConfigurationPlatforms) = preSolution
		Debug|Any CPU = Debug|Any CPU
		Release|Any CPU = Release|Any CPU
	EndGlobalSection
	GlobalSection(ProjectConfigurationPlatforms) = postSolution
		{C846305A-5F23-42CF-8B29-F4B608BEDE9A}.Debug|Any CPU.ActiveCfg = Debug|Any CPU
		{C846305A-5F23-42CF-8B29-F4B608BEDE9A}.Debug|Any CPU.Build.0 = Debug|Any CPU
		{C846305A-5F23-42CF-8B29-F4B608BEDE9A}.Release|Any CPU.ActiveCfg = Release|Any CPU
		{C846305A-5F23-42CF-8B29-F4B608BEDE9A}.Release|Any CPU.Build.0 = Release|Any CPU
	EndGlobalSection
	GlobalSection(SolutionProperties) = preSolution
		HideSolutionNode = FALSE
	EndGlobalSection
	GlobalSection(ExtensibilityGlobals) = postSolution
		SolutionGuid = {79F021E1-C939-4B49-B5A9-2045EC0A1D42}
	EndGlobalSection
EndGlobal
